Microsoft Visual Studio Solution File, Format Version 12.00
# Visual Studio Version 17
VisualStudioVersion = 17.5.2.0
MinimumVisualStudioVersion = 10.0.40219.1
Project("{FAE04EC0-301F-11D3-BF4B-00C04F79EFBC}") = "procgen", "procgen.csproj", "{B56E7AD8-22BE-B084-9205-6B8C608F9B6F}"
EndProject
Global
	GlobalSection(SolutionConfigurationPlatforms) = preSolution
		Debug|Any CPU = Debug|Any CPU
		Release|Any CPU = Release|Any CPU
	EndGlobalSection
	GlobalSection(ProjectConfigurationPlatforms) = postSolution
		{B56E7AD8-22BE-B084-9205-6B8C608F9B6F}.Debug|Any CPU.ActiveCfg = Debug|Any CPU
		{B56E7AD8-22BE-B084-9205-6B8C608F9B6F}.Debug|Any CPU.Build.0 = Debug|Any CPU
		{B56E7AD8-22BE-B084-9205-6B8C608F9B6F}.Release|Any CPU.ActiveCfg = Release|Any CPU
		{B56E7AD8-22BE-B084-9205-6B8C608F9B6F}.Release|Any CPU.Build.0 = Release|Any CPU
	EndGlobalSection
	GlobalSection(SolutionProperties) = preSolution
		HideSolutionNode = FALSE
	EndGlobalSection
	GlobalSection(ExtensibilityGlobals) = postSolution
		SolutionGuid = {DBE31C6B-B90E-4E1A-BAD7-637A5F62BDAD}
	EndGlobalSection
EndGlobal
